
Microsoft Visual Studio Solution File, Format Version 12.00
# Visual Studio Version 16
VisualStudioVersion = 16.0.34729.46
MinimumVisualStudioVersion = 10.0.40219.1
Project("{FAE04EC0-301F-11D3-BF4B-00C04F79EFBC}") = "CapaPresentacionAdmin", "CapaPresentacionAdmin\CapaPresentacionAdmin.csproj", "{E6D89C30-90DB-4ADA-A975-97851E3CF16D}"
EndProject
Project("{FAE04EC0-301F-11D3-BF4B-00C04F79EFBC}") = "CapaPresentacionTienda", "CapaPresentacionTienda\CapaPresentacionTienda.csproj", "{1B0E3358-7BF7-4CE7-A9EC-1C1918AB323C}"
EndProject
Project("{FAE04EC0-301F-11D3-BF4B-00C04F79EFBC}") = "CapaDatos", "CapaDatos\CapaDatos.csproj", "{E44620B8-E87D-4ED8-986B-CBDE086C56A3}"
EndProject
Project("{FAE04EC0-301F-11D3-BF4B-00C04F79EFBC}") = "CapaEntidad", "CapaEntidad\CapaEntidad.csproj", "{B9815C66-B213-484B-A5DD-4640663B7F05}"
EndProject
Project("{FAE04EC0-301F-11D3-BF4B-00C04F79EFBC}") = "CapaNegocio", "CapaNegocio\CapaNegocio.csproj", "{98EC99BC-2DEF-4309-9A73-275076F9555A}"
EndProject
Global
	GlobalSection(SolutionConfigurationPlatforms) = preSolution
		Debug|Any CPU = Debug|Any CPU
		Release|Any CPU = Release|Any CPU
	EndGlobalSection
	GlobalSection(ProjectConfigurationPlatforms) = postSolution
		{E6D89C30-90DB-4ADA-A975-97851E3CF16D}.Debug|Any CPU.ActiveCfg = Debug|Any CPU
		{E6D89C30-90DB-4ADA-A975-97851E3CF16D}.Debug|Any CPU.Build.0 = Debug|Any CPU
		{E6D89C30-90DB-4ADA-A975-97851E3CF16D}.Release|Any CPU.ActiveCfg = Release|Any CPU
		{E6D89C30-90DB-4ADA-A975-97851E3CF16D}.Release|Any CPU.Build.0 = Release|Any CPU
		{1B0E3358-7BF7-4CE7-A9EC-1C1918AB323C}.Debug|Any CPU.ActiveCfg = Debug|Any CPU
		{1B0E3358-7BF7-4CE7-A9EC-1C1918AB323C}.Debug|Any CPU.Build.0 = Debug|Any CPU
		{1B0E3358-7BF7-4CE7-A9EC-1C1918AB323C}.Release|Any CPU.ActiveCfg = Release|Any CPU
		{1B0E3358-7BF7-4CE7-A9EC-1C1918AB323C}.Release|Any CPU.Build.0 = Release|Any CPU
		{E44620B8-E87D-4ED8-986B-CBDE086C56A3}.Debug|Any CPU.ActiveCfg = Debug|Any CPU
		{E44620B8-E87D-4ED8-986B-CBDE086C56A3}.Debug|Any CPU.Build.0 = Debug|Any CPU
		{E44620B8-E87D-4ED8-986B-CBDE086C56A3}.Release|Any CPU.ActiveCfg = Release|Any CPU
		{E44620B8-E87D-4ED8-986B-CBDE086C56A3}.Release|Any CPU.Build.0 = Release|Any CPU
		{B9815C66-B213-484B-A5DD-4640663B7F05}.Debug|Any CPU.ActiveCfg = Debug|Any CPU
		{B9815C66-B213-484B-A5DD-4640663B7F05}.Debug|Any CPU.Build.0 = Debug|Any CPU
		{B9815C66-B213-484B-A5DD-4640663B7F05}.Release|Any CPU.ActiveCfg = Release|Any CPU
		{B9815C66-B213-484B-A5DD-4640663B7F05}.Release|Any CPU.Build.0 = Release|Any CPU
		{98EC99BC-2DEF-4309-9A73-275076F9555A}.Debug|Any CPU.ActiveCfg = Debug|Any CPU
		{98EC99BC-2DEF-4309-9A73-275076F9555A}.Debug|Any CPU.Build.0 = Debug|Any CPU
		{98EC99BC-2DEF-4309-9A73-275076F9555A}.Release|Any CPU.ActiveCfg = Release|Any CPU
		{98EC99BC-2DEF-4309-9A73-275076F9555A}.Release|Any CPU.Build.0 = Release|Any CPU
	EndGlobalSection
	GlobalSection(SolutionProperties) = preSolution
		HideSolutionNode = FALSE
	EndGlobalSection
	GlobalSection(ExtensibilityGlobals) = postSolution
		SolutionGuid = {D15B4AC0-BED7-4E53-8BF8-36AC7A6958F6}
	EndGlobalSection
EndGlobal
